
Microsoft Visual Studio Solution File, Format Version 12.00
# Visual Studio Version 16
VisualStudioVersion = 16.0.29215.179
MinimumVisualStudioVersion = 10.0.40219.1
Project("{8BC9CEB8-8B4A-11D0-8D11-00A0C91BC942}") = "Testing Iterative Constructs (while, for, do-while)", "Testing Iterative Constructs (while, for, do-while)\Testing Iterative Constructs (while, for, do-while).vcxproj", "{02E51508-2DE4-446F-941F-8606E880482D}"
EndProject
Global
	GlobalSection(SolutionConfigurationPlatforms) = preSolution
		Debug|x64 = Debug|x64
		Debug|x86 = Debug|x86
		Release|x64 = Release|x64
		Release|x86 = Release|x86
	EndGlobalSection
	GlobalSection(ProjectConfigurationPlatforms) = postSolution
		{02E51508-2DE4-446F-941F-8606E880482D}.Debug|x64.ActiveCfg = Debug|x64
		{02E51508-2DE4-446F-941F-8606E880482D}.Debug|x64.Build.0 = Debug|x64
		{02E51508-2DE4-446F-941F-8606E880482D}.Debug|x86.ActiveCfg = Debug|Win32
		{02E51508-2DE4-446F-941F-8606E880482D}.Debug|x86.Build.0 = Debug|Win32
		{02E51508-2DE4-446F-941F-8606E880482D}.Release|x64.ActiveCfg = Release|x64
		{02E51508-2DE4-446F-941F-8606E880482D}.Release|x64.Build.0 = Release|x64
		{02E51508-2DE4-446F-941F-8606E880482D}.Release|x86.ActiveCfg = Release|Win32
		{02E51508-2DE4-446F-941F-8606E880482D}.Release|x86.Build.0 = Release|Win32
	EndGlobalSection
	GlobalSection(SolutionProperties) = preSolution
		HideSolutionNode = FALSE
	EndGlobalSection
	GlobalSection(ExtensibilityGlobals) = postSolution
		SolutionGuid = {B8986141-6275-40E3-908D-3D084292CE74}
	EndGlobalSection
EndGlobal
